
Microsoft Visual Studio Solution File, Format Version 11.00
# Visual Studio 2010
Project("{FAE04EC0-301F-11D3-BF4B-00C04F79EFBC}") = "SteamVR", "SteamVR.csproj", "{2385c7dc-fc23-5cdc-fe74-b1807a8c8387}"
EndProject
Project("{FAE04EC0-301F-11D3-BF4B-00C04F79EFBC}") = "Assembly-CSharp", "Assembly-CSharp.csproj", "{4e852b6b-ae9a-8148-ec30-3f8da3e5f36f}"
EndProject
Project("{FAE04EC0-301F-11D3-BF4B-00C04F79EFBC}") = "SteamVR_Editor", "SteamVR_Editor.csproj", "{42893b8b-8da0-2339-5708-cb2b40a57b5a}"
EndProject
Project("{FAE04EC0-301F-11D3-BF4B-00C04F79EFBC}") = "SteamVR_Input_Editor", "SteamVR_Input_Editor.csproj", "{2a6fab30-8a50-c78d-009b-c395771284d2}"
EndProject
Project("{FAE04EC0-301F-11D3-BF4B-00C04F79EFBC}") = "SteamVR_Windows_EditorHelper", "SteamVR_Windows_EditorHelper.csproj", "{6f88a275-6aa6-41cc-27e5-15890de43f2b}"
EndProject
Global
	GlobalSection(SolutionConfigurationPlatforms) = preSolution
		Debug|Any CPU = Debug|Any CPU
	EndGlobalSection
	GlobalSection(ProjectConfigurationPlatforms) = postSolution
		{2385c7dc-fc23-5cdc-fe74-b1807a8c8387}.Debug|Any CPU.ActiveCfg = Debug|Any CPU
		{2385c7dc-fc23-5cdc-fe74-b1807a8c8387}.Debug|Any CPU.Build.0 = Debug|Any CPU
		{4e852b6b-ae9a-8148-ec30-3f8da3e5f36f}.Debug|Any CPU.ActiveCfg = Debug|Any CPU
		{4e852b6b-ae9a-8148-ec30-3f8da3e5f36f}.Debug|Any CPU.Build.0 = Debug|Any CPU
		{42893b8b-8da0-2339-5708-cb2b40a57b5a}.Debug|Any CPU.ActiveCfg = Debug|Any CPU
		{42893b8b-8da0-2339-5708-cb2b40a57b5a}.Debug|Any CPU.Build.0 = Debug|Any CPU
		{2a6fab30-8a50-c78d-009b-c395771284d2}.Debug|Any CPU.ActiveCfg = Debug|Any CPU
		{2a6fab30-8a50-c78d-009b-c395771284d2}.Debug|Any CPU.Build.0 = Debug|Any CPU
		{6f88a275-6aa6-41cc-27e5-15890de43f2b}.Debug|Any CPU.ActiveCfg = Debug|Any CPU
		{6f88a275-6aa6-41cc-27e5-15890de43f2b}.Debug|Any CPU.Build.0 = Debug|Any CPU
	EndGlobalSection
	GlobalSection(SolutionProperties) = preSolution
		HideSolutionNode = FALSE
	EndGlobalSection
EndGlobal
